
Microsoft Visual Studio Solution File, Format Version 12.00
# Visual Studio Version 16
VisualStudioVersion = 16.0.29306.81
MinimumVisualStudioVersion = 10.0.40219.1
Project("{8BC9CEB8-8B4A-11D0-8D11-00A0C91BC942}") = "CommandLineArgs", "CommandLineArgs.vcxproj", "{AA6FEA48-0C3F-4C94-A718-46B8DB09FF89}"
EndProject
Global
	GlobalSection(SolutionConfigurationPlatforms) = preSolution
		Debug|x64 = Debug|x64
		Debug|x86 = Debug|x86
		Release|x64 = Release|x64
		Release|x86 = Release|x86
	EndGlobalSection
	GlobalSection(ProjectConfigurationPlatforms) = postSolution
		{AA6FEA48-0C3F-4C94-A718-46B8DB09FF89}.Debug|x64.ActiveCfg = Debug|x64
		{AA6FEA48-0C3F-4C94-A718-46B8DB09FF89}.Debug|x64.Build.0 = Debug|x64
		{AA6FEA48-0C3F-4C94-A718-46B8DB09FF89}.Debug|x86.ActiveCfg = Debug|Win32
		{AA6FEA48-0C3F-4C94-A718-46B8DB09FF89}.Debug|x86.Build.0 = Debug|Win32
		{AA6FEA48-0C3F-4C94-A718-46B8DB09FF89}.Release|x64.ActiveCfg = Release|x64
		{AA6FEA48-0C3F-4C94-A718-46B8DB09FF89}.Release|x64.Build.0 = Release|x64
		{AA6FEA48-0C3F-4C94-A718-46B8DB09FF89}.Release|x86.ActiveCfg = Release|Win32
		{AA6FEA48-0C3F-4C94-A718-46B8DB09FF89}.Release|x86.Build.0 = Release|Win32
	EndGlobalSection
	GlobalSection(SolutionProperties) = preSolution
		HideSolutionNode = FALSE
	EndGlobalSection
	GlobalSection(ExtensibilityGlobals) = postSolution
		SolutionGuid = {821C7148-7F2F-4CC5-BB36-624A85DFA726}
	EndGlobalSection
EndGlobal
